// !$*UTF8*$!
{
	archiveVersion = 1;
	classes = {
	};
	objectVersion = 50;
	objects = {

/* Begin PBXBuildFile section */
		3E67207B23FD99B70063F237 /* AppDelegate.swift in Sources */ = {isa = PBXBuildFile; fileRef = 3E67207A23FD99B70063F237 /* AppDelegate.swift */; };
		3E67207D23FD99B70063F237 /* SceneDelegate.swift in Sources */ = {isa = PBXBuildFile; fileRef = 3E67207C23FD99B70063F237 /* SceneDelegate.swift */; };
		3E67207F23FD99B70063F237 /* PersonListViewController.swift in Sources */ = {isa = PBXBuildFile; fileRef = 3E67207E23FD99B70063F237 /* PersonListViewController.swift */; };
		3E67208223FD99B70063F237 /* Main.storyboard in Resources */ = {isa = PBXBuildFile; fileRef = 3E67208023FD99B70063F237 /* Main.storyboard */; };
		3E67208423FD99BB0063F237 /* Assets.xcassets in Resources */ = {isa = PBXBuildFile; fileRef = 3E67208323FD99BB0063F237 /* Assets.xcassets */; };
		3E67208723FD99BB0063F237 /* LaunchScreen.storyboard in Resources */ = {isa = PBXBuildFile; fileRef = 3E67208523FD99BB0063F237 /* LaunchScreen.storyboard */; };
		3E67209423FD9C930063F237 /* FirstName.swift in Sources */ = {isa = PBXBuildFile; fileRef = 3E67209323FD9C930063F237 /* FirstName.swift */; };
		3E67209623FD9EE40063F237 /* Constants.swift in Sources */ = {isa = PBXBuildFile; fileRef = 3E67209523FD9EE40063F237 /* Constants.swift */; };
		3E67209823FDA3150063F237 /* DetailViewController.swift in Sources */ = {isa = PBXBuildFile; fileRef = 3E67209723FDA3150063F237 /* DetailViewController.swift */; };
/* End PBXBuildFile section */

/* Begin PBXFileReference section */
		3E67207723FD99B70063F237 /* hw2.7.app */ = {isa = PBXFileReference; explicitFileType = wrapper.application; includeInIndex = 0; path = hw2.7.app; sourceTree = BUILT_PRODUCTS_DIR; };
		3E67207A23FD99B70063F237 /* AppDelegate.swift */ = {isa = PBXFileReference; lastKnownFileType = sourcecode.swift; path = AppDelegate.swift; sourceTree = "<group>"; };
		3E67207C23FD99B70063F237 /* SceneDelegate.swift */ = {isa = PBXFileReference; lastKnownFileType = sourcecode.swift; path = SceneDelegate.swift; sourceTree = "<group>"; };
		3E67207E23FD99B70063F237 /* PersonListViewController.swift */ = {isa = PBXFileReference; lastKnownFileType = sourcecode.swift; path = PersonListViewController.swift; sourceTree = "<group>"; };
		3E67208123FD99B70063F237 /* Base */ = {isa = PBXFileReference; lastKnownFileType = file.storyboard; name = Base; path = Base.lproj/Main.storyboard; sourceTree = "<group>"; };
		3E67208323FD99BB0063F237 /* Assets.xcassets */ = {isa = PBXFileReference; lastKnownFileType = folder.assetcatalog; path = Assets.xcassets; sourceTree = "<group>"; };
		3E67208623FD99BB0063F237 /* Base */ = {isa = PBXFileReference; lastKnownFileType = file.storyboard; name = Base; path = Base.lproj/LaunchScreen.storyboard; sourceTree = "<group>"; };
		3E67208823FD99BB0063F237 /* Info.plist */ = {isa = PBXFileReference; lastKnownFileType = text.plist.xml; path = Info.plist; sourceTree = "<group>"; };
		3E67209323FD9C930063F237 /* FirstName.swift */ = {isa = PBXFileReference; lastKnownFileType = sourcecode.swift; path = FirstName.swift; sourceTree = "<group>"; };
		3E67209523FD9EE40063F237 /* Constants.swift */ = {isa = PBXFileReference; lastKnownFileType = sourcecode.swift; path = Constants.swift; sourceTree = "<group>"; };
		3E67209723FDA3150063F237 /* DetailViewController.swift */ = {isa = PBXFileReference; lastKnownFileType = sourcecode.swift; path = DetailViewController.swift; sourceTree = "<group>"; };
/* End PBXFileReference section */

/* Begin PBXFrameworksBuildPhase section */
		3E67207423FD99B70063F237 /* Frameworks */ = {
			isa = PBXFrameworksBuildPhase;
			buildActionMask = 2147483647;
			files = (
			);
			runOnlyForDeploymentPostprocessing = 0;
		};
/* End PBXFrameworksBuildPhase section */

/* Begin PBXGroup section */
		3E67206E23FD99B70063F237 = {
			isa = PBXGroup;
			children = (
				3E67207923FD99B70063F237 /* hw2.7 */,
				3E67207823FD99B70063F237 /* Products */,
			);
			sourceTree = "<group>";
		};
		3E67207823FD99B70063F237 /* Products */ = {
			isa = PBXGroup;
			children = (
				3E67207723FD99B70063F237 /* hw2.7.app */,
			);
			name = Products;
			sourceTree = "<group>";
		};
		3E67207923FD99B70063F237 /* hw2.7 */ = {
			isa = PBXGroup;
			children = (
				3E67209223FD9C1F0063F237 /* Models */,
				3E67208E23FD9BDE0063F237 /* Controllers */,
				3E67209123FD9C0E0063F237 /* SupportFiles */,
				3E67209023FD9BF90063F237 /* Resources */,
				3E67208F23FD9BEA0063F237 /* Storyboards */,
			);
			path = hw2.7;
			sourceTree = "<group>";
		};
		3E67208E23FD9BDE0063F237 /* Controllers */ = {
			isa = PBXGroup;
			children = (
				3E67207E23FD99B70063F237 /* PersonListViewController.swift */,
				3E67209723FDA3150063F237 /* DetailViewController.swift */,
			);
			path = Controllers;
			sourceTree = "<group>";
		};
		3E67208F23FD9BEA0063F237 /* Storyboards */ = {
			isa = PBXGroup;
			children = (
				3E67208023FD99B70063F237 /* Main.storyboard */,
				3E67208523FD99BB0063F237 /* LaunchScreen.storyboard */,
			);
			path = Storyboards;
			sourceTree = "<group>";
		};
		3E67209023FD9BF90063F237 /* Resources */ = {
			isa = PBXGroup;
			children = (
				3E67208323FD99BB0063F237 /* Assets.xcassets */,
			);
			path = Resources;
			sourceTree = "<group>";
		};
		3E67209123FD9C0E0063F237 /* SupportFiles */ = {
			isa = PBXGroup;
			children = (
				3E67207A23FD99B70063F237 /* AppDelegate.swift */,
				3E67207C23FD99B70063F237 /* SceneDelegate.swift */,
				3E67208823FD99BB0063F237 /* Info.plist */,
			);
			path = SupportFiles;
			sourceTree = "<group>";
		};
		3E67209223FD9C1F0063F237 /* Models */ = {
			isa = PBXGroup;
			children = (
				3E67209323FD9C930063F237 /* FirstName.swift */,
				3E67209523FD9EE40063F237 /* Constants.swift */,
			);
			path = Models;
			sourceTree = "<group>";
		};
/* End PBXGroup section */

/* Begin PBXNativeTarget section */
		3E67207623FD99B70063F237 /* hw2.7 */ = {
			isa = PBXNativeTarget;
			buildConfigurationList = 3E67208B23FD99BB0063F237 /* Build configuration list for PBXNativeTarget "hw2.7" */;
			buildPhases = (
				3E67207323FD99B70063F237 /* Sources */,
				3E67207423FD99B70063F237 /* Frameworks */,
				3E67207523FD99B70063F237 /* Resources */,
			);
			buildRules = (
			);
			dependencies = (
			);
			name = hw2.7;
			productName = hw2.7;
			productReference = 3E67207723FD99B70063F237 /* hw2.7.app */;
			productType = "com.apple.product-type.application";
		};
/* End PBXNativeTarget section */

/* Begin PBXProject section */
		3E67206F23FD99B70063F237 /* Project object */ = {
			isa = PBXProject;
			attributes = {
				LastSwiftUpdateCheck = 1130;
				LastUpgradeCheck = 1130;
				ORGANIZATIONNAME = "yauheni prakapenka";
				TargetAttributes = {
					3E67207623FD99B70063F237 = {
						CreatedOnToolsVersion = 11.3.1;
					};
				};
			};
			buildConfigurationList = 3E67207223FD99B70063F237 /* Build configuration list for PBXProject "hw2.7" */;
			compatibilityVersion = "Xcode 9.3";
			developmentRegion = en;
			hasScannedForEncodings = 0;
			knownRegions = (
				en,
				Base,
			);
			mainGroup = 3E67206E23FD99B70063F237;
			productRefGroup = 3E67207823FD99B70063F237 /* Products */;
			projectDirPath = "";
			projectRoot = "";
			targets = (
				3E67207623FD99B70063F237 /* hw2.7 */,
			);
		};
/* End PBXProject section */

/* Begin PBXResourcesBuildPhase section */
		3E67207523FD99B70063F237 /* Resources */ = {
			isa = PBXResourcesBuildPhase;
			buildActionMask = 2147483647;
			files = (
				3E67208723FD99BB0063F237 /* LaunchScreen.storyboard in Resources */,
				3E67208423FD99BB0063F237 /* Assets.xcassets in Resources */,
				3E67208223FD99B70063F237 /* Main.storyboard in Resources */,
			);
			runOnlyForDeploymentPostprocessing = 0;
		};
/* End PBXResourcesBuildPhase section */

/* Begin PBXSourcesBuildPhase section */
		3E67207323FD99B70063F237 /* Sources */ = {
			isa = PBXSourcesBuildPhase;
			buildActionMask = 2147483647;
			files = (
				3E67209423FD9C930063F237 /* FirstName.swift in Sources */,
				3E67207F23FD99B70063F237 /* PersonListViewController.swift in Sources */,
				3E67209623FD9EE40063F237 /* Constants.swift in Sources */,
				3E67209823FDA3150063F237 /* DetailViewController.swift in Sources */,
				3E67207B23FD99B70063F237 /* AppDelegate.swift in Sources */,
				3E67207D23FD99B70063F237 /* SceneDelegate.swift in Sources */,
			);
			runOnlyForDeploymentPostprocessing = 0;
		};
/* End PBXSourcesBuildPhase section */

/* Begin PBXVariantGroup section */
		3E67208023FD99B70063F237 /* Main.storyboard */ = {
			isa = PBXVariantGroup;
			children = (
				3E67208123FD99B70063F237 /* Base */,
			);
			name = Main.storyboard;
			sourceTree = "<group>";
		};
		3E67208523FD99BB0063F237 /* LaunchScreen.storyboard */ = {
			isa = PBXVariantGroup;
			children = (
				3E67208623FD99BB0063F237 /* Base */,
			);
			name = LaunchScreen.storyboard;
			sourceTree = "<group>";
		};
/* End PBXVariantGroup section */

/* Begin XCBuildConfiguration section */
		3E67208923FD99BB0063F237 /* Debug */ = {
			isa = XCBuildConfiguration;
			buildSettings = {
				ALWAYS_SEARCH_USER_PATHS = NO;
				CLANG_ANALYZER_NONNULL = YES;
				CLANG_ANALYZER_NUMBER_OBJECT_CONVERSION = YES_AGGRESSIVE;
				CLANG_CXX_LANGUAGE_STANDARD = "gnu++14";
				CLANG_CXX_LIBRARY = "libc++";
				CLANG_ENABLE_MODULES = YES;
				CLANG_ENABLE_OBJC_ARC = YES;
				CLANG_ENABLE_OBJC_WEAK = YES;
				CLANG_WARN_BLOCK_CAPTURE_AUTORELEASING = YES;
				CLANG_WARN_BOOL_CONVERSION = YES;
				CLANG_WARN_COMMA = YES;
				CLANG_WARN_CONSTANT_CONVERSION = YES;
				CLANG_WARN_DEPRECATED_OBJC_IMPLEMENTATIONS = YES;
				CLANG_WARN_DIRECT_OBJC_ISA_USAGE = YES_ERROR;
				CLANG_WARN_DOCUMENTATION_COMMENTS = YES;
				CLANG_WARN_EMPTY_BODY = YES;
				CLANG_WARN_ENUM_CONVERSION = YES;
				CLANG_WARN_INFINITE_RECURSION = YES;
				CLANG_WARN_INT_CONVERSION = YES;
				CLANG_WARN_NON_LITERAL_NULL_CONVERSION = YES;
				CLANG_WARN_OBJC_IMPLICIT_RETAIN_SELF = YES;
				CLANG_WARN_OBJC_LITERAL_CONVERSION = YES;
				CLANG_WARN_OBJC_ROOT_CLASS = YES_ERROR;
				CLANG_WARN_RANGE_LOOP_ANALYSIS = YES;
				CLANG_WARN_STRICT_PROTOTYPES = YES;
				CLANG_WARN_SUSPICIOUS_MOVE = YES;
				CLANG_WARN_UNGUARDED_AVAILABILITY = YES_AGGRESSIVE;
				CLANG_WARN_UNREACHABLE_CODE = YES;
				CLANG_WARN__DUPLICATE_METHOD_MATCH = YES;
				COPY_PHASE_STRIP = NO;
				DEBUG_INFORMATION_FORMAT = dwarf;
				ENABLE_STRICT_OBJC_MSGSEND = YES;
				ENABLE_TESTABILITY = YES;
				GCC_C_LANGUAGE_STANDARD = gnu11;
				GCC_DYNAMIC_NO_PIC = NO;
				GCC_NO_COMMON_BLOCKS = YES;
				GCC_OPTIMIZATION_LEVEL = 0;
				GCC_PREPROCESSOR_DEFINITIONS = (
					"DEBUG=1",
					"$(inherited)",
				);
				GCC_WARN_64_TO_32_BIT_CONVERSION = YES;
				GCC_WARN_ABOUT_RETURN_TYPE = YES_ERROR;
				GCC_WARN_UNDECLARED_SELECTOR = YES;
				GCC_WARN_UNINITIALIZED_AUTOS = YES_AGGRESSIVE;
				GCC_WARN_UNUSED_FUNCTION = YES;
				GCC_WARN_UNUSED_VARIABLE = YES;
				IPHONEOS_DEPLOYMENT_TARGET = 13.2;
				MTL_ENABLE_DEBUG_INFO = INCLUDE_SOURCE;
				MTL_FAST_MATH = YES;
				ONLY_ACTIVE_ARCH = YES;
				SDKROOT = iphoneos;
				SWIFT_ACTIVE_COMPILATION_CONDITIONS = DEBUG;
				SWIFT_OPTIMIZATION_LEVEL = "-Onone";
			};
			name = Debug;
		};
		3E67208A23FD99BB0063F237 /* Release */ = {
			isa = XCBuildConfiguration;
			buildSettings = {
				ALWAYS_SEARCH_USER_PATHS = NO;
				CLANG_ANALYZER_NONNULL = YES;
				CLANG_ANALYZER_NUMBER_OBJECT_CONVERSION = YES_AGGRESSIVE;
				CLANG_CXX_LANGUAGE_STANDARD = "gnu++14";
				CLANG_CXX_LIBRARY = "libc++";
				CLANG_ENABLE_MODULES = YES;
				CLANG_ENABLE_OBJC_ARC = YES;
				CLANG_ENABLE_OBJC_WEAK = YES;
				CLANG_WARN_BLOCK_CAPTURE_AUTORELEASING = YES;
				CLANG_WARN_BOOL_CONVERSION = YES;
				CLANG_WARN_COMMA = YES;
				CLANG_WARN_CONSTANT_CONVERSION = YES;
				CLANG_WARN_DEPRECATED_OBJC_IMPLEMENTATIONS = YES;
				CLANG_WARN_DIRECT_OBJC_ISA_USAGE = YES_ERROR;
				CLANG_WARN_DOCUMENTATION_COMMENTS = YES;
				CLANG_WARN_EMPTY_BODY = YES;
				CLANG_WARN_ENUM_CONVERSION = YES;
				CLANG_WARN_INFINITE_RECURSION = YES;
				CLANG_WARN_INT_CONVERSION = YES;
				CLANG_WARN_NON_LITERAL_NULL_CONVERSION = YES;
				CLANG_WARN_OBJC_IMPLICIT_RETAIN_SELF = YES;
				CLANG_WARN_OBJC_LITERAL_CONVERSION = YES;
				CLANG_WARN_OBJC_ROOT_CLASS = YES_ERROR;
				CLANG_WARN_RANGE_LOOP_ANALYSIS = YES;
				CLANG_WARN_STRICT_PROTOTYPES = YES;
				CLANG_WARN_SUSPICIOUS_MOVE = YES;
				CLANG_WARN_UNGUARDED_AVAILABILITY = YES_AGGRESSIVE;
				CLANG_WARN_UNREACHABLE_CODE = YES;
				CLANG_WARN__DUPLICATE_METHOD_MATCH = YES;
				COPY_PHASE_STRIP = NO;
				DEBUG_INFORMATION_FORMAT = "dwarf-with-dsym";
				ENABLE_NS_ASSERTIONS = NO;
				ENABLE_STRICT_OBJC_MSGSEND = YES;
				GCC_C_LANGUAGE_STANDARD = gnu11;
				GCC_NO_COMMON_BLOCKS = YES;
				GCC_WARN_64_TO_32_BIT_CONVERSION = YES;
				GCC_WARN_ABOUT_RETURN_TYPE = YES_ERROR;
				GCC_WARN_UNDECLARED_SELECTOR = YES;
				GCC_WARN_UNINITIALIZED_AUTOS = YES_AGGRESSIVE;
				GCC_WARN_UNUSED_FUNCTION = YES;
				GCC_WARN_UNUSED_VARIABLE = YES;
				IPHONEOS_DEPLOYMENT_TARGET = 13.2;
				MTL_ENABLE_DEBUG_INFO = NO;
				MTL_FAST_MATH = YES;
				SDKROOT = iphoneos;
				SWIFT_COMPILATION_MODE = wholemodule;
				SWIFT_OPTIMIZATION_LEVEL = "-O";
				VALIDATE_PRODUCT = YES;
			};
			name = Release;
		};
		3E67208C23FD99BB0063F237 /* Debug */ = {
			isa = XCBuildConfiguration;
			buildSettings = {
				ASSETCATALOG_COMPILER_APPICON_NAME = AppIcon;
				CODE_SIGN_STYLE = Automatic;
				DEVELOPMENT_TEAM = 2H6CKN6S5G;
				INFOPLIST_FILE = hw2.7/SupportFiles/Info.plist;
				LD_RUNPATH_SEARCH_PATHS = (
					"$(inherited)",
					"@executable_path/Frameworks",
				);
				PRODUCT_BUNDLE_IDENTIFIER = "com.yauheniprakapenka.hw2-7";
				PRODUCT_NAME = "$(TARGET_NAME)";
				SWIFT_VERSION = 5.0;
				TARGETED_DEVICE_FAMILY = 1;
			};
			name = Debug;
		};
		3E67208D23FD99BB0063F237 /* Release */ = {
			isa = XCBuildConfiguration;
			buildSettings = {
				ASSETCATALOG_COMPILER_APPICON_NAME = AppIcon;
				CODE_SIGN_STYLE = Automatic;
				DEVELOPMENT_TEAM = 2H6CKN6S5G;
				INFOPLIST_FILE = hw2.7/SupportFiles/Info.plist;
				LD_RUNPATH_SEARCH_PATHS = (
					"$(inherited)",
					"@executable_path/Frameworks",
				);
				PRODUCT_BUNDLE_IDENTIFIER = "com.yauheniprakapenka.hw2-7";
				PRODUCT_NAME = "$(TARGET_NAME)";
				SWIFT_VERSION = 5.0;
				TARGETED_DEVICE_FAMILY = 1;
			};
			name = Release;
		};
/* End XCBuildConfiguration section */

/* Begin XCConfigurationList section */
		3E67207223FD99B70063F237 /* Build configuration list for PBXProject "hw2.7" */ = {
			isa = XCConfigurationList;
			buildConfigurations = (
				3E67208923FD99BB0063F237 /* Debug */,
				3E67208A23FD99BB0063F237 /* Release */,
			);
			defaultConfigurationIsVisible = 0;
			defaultConfigurationName = Release;
		};
		3E67208B23FD99BB0063F237 /* Build configuration list for PBXNativeTarget "hw2.7" */ = {
			isa = XCConfigurationList;
			buildConfigurations = (
				3E67208C23FD99BB0063F237 /* Debug */,
				3E67208D23FD99BB0063F237 /* Release */,
			);
			defaultConfigurationIsVisible = 0;
			defaultConfigurationName = Release;
		};
/* End XCConfigurationList section */
	};
	rootObject = 3E67206F23FD99B70063F237 /* Project object */;
}
