// !$*UTF8*$!
{
	archiveVersion = 1;
	classes = {
	};
	objectVersion = 50;
	objects = {

/* Begin PBXBuildFile section */
		3EB83EDF23E6FF7800E25016 /* TextFieldValidation.swift in Sources */ = {isa = PBXBuildFile; fileRef = 3EB83EDE23E6FF7800E25016 /* TextFieldValidation.swift */; };
		3EC91E8323E5A210000CC053 /* UIView+Keyboard.swift in Sources */ = {isa = PBXBuildFile; fileRef = 3EC91E8223E5A210000CC053 /* UIView+Keyboard.swift */; };
		3EC91E8723E5E4FA000CC053 /* UIViewController+ConfigView.swift in Sources */ = {isa = PBXBuildFile; fileRef = 3EC91E8623E5E4FA000CC053 /* UIViewController+ConfigView.swift */; };
		3EFE651A23E3701F008B4835 /* AppDelegate.swift in Sources */ = {isa = PBXBuildFile; fileRef = 3EFE651923E3701F008B4835 /* AppDelegate.swift */; };
		3EFE651C23E3701F008B4835 /* SceneDelegate.swift in Sources */ = {isa = PBXBuildFile; fileRef = 3EFE651B23E3701F008B4835 /* SceneDelegate.swift */; };
		3EFE651E23E3701F008B4835 /* ViewController.swift in Sources */ = {isa = PBXBuildFile; fileRef = 3EFE651D23E3701F008B4835 /* ViewController.swift */; };
		3EFE652123E3701F008B4835 /* Main.storyboard in Resources */ = {isa = PBXBuildFile; fileRef = 3EFE651F23E3701F008B4835 /* Main.storyboard */; };
		3EFE652323E37022008B4835 /* Assets.xcassets in Resources */ = {isa = PBXBuildFile; fileRef = 3EFE652223E37022008B4835 /* Assets.xcassets */; };
		3EFE652623E37022008B4835 /* LaunchScreen.storyboard in Resources */ = {isa = PBXBuildFile; fileRef = 3EFE652423E37022008B4835 /* LaunchScreen.storyboard */; };
/* End PBXBuildFile section */

/* Begin PBXFileReference section */
		3EB83EDE23E6FF7800E25016 /* TextFieldValidation.swift */ = {isa = PBXFileReference; lastKnownFileType = sourcecode.swift; path = TextFieldValidation.swift; sourceTree = "<group>"; };
		3EC91E8223E5A210000CC053 /* UIView+Keyboard.swift */ = {isa = PBXFileReference; lastKnownFileType = sourcecode.swift; path = "UIView+Keyboard.swift"; sourceTree = "<group>"; };
		3EC91E8623E5E4FA000CC053 /* UIViewController+ConfigView.swift */ = {isa = PBXFileReference; lastKnownFileType = sourcecode.swift; path = "UIViewController+ConfigView.swift"; sourceTree = "<group>"; };
		3EFE651623E3701F008B4835 /* ColorView.app */ = {isa = PBXFileReference; explicitFileType = wrapper.application; includeInIndex = 0; path = ColorView.app; sourceTree = BUILT_PRODUCTS_DIR; };
		3EFE651923E3701F008B4835 /* AppDelegate.swift */ = {isa = PBXFileReference; lastKnownFileType = sourcecode.swift; path = AppDelegate.swift; sourceTree = "<group>"; };
		3EFE651B23E3701F008B4835 /* SceneDelegate.swift */ = {isa = PBXFileReference; lastKnownFileType = sourcecode.swift; path = SceneDelegate.swift; sourceTree = "<group>"; };
		3EFE651D23E3701F008B4835 /* ViewController.swift */ = {isa = PBXFileReference; lastKnownFileType = sourcecode.swift; path = ViewController.swift; sourceTree = "<group>"; };
		3EFE652023E3701F008B4835 /* Base */ = {isa = PBXFileReference; lastKnownFileType = file.storyboard; name = Base; path = Base.lproj/Main.storyboard; sourceTree = "<group>"; };
		3EFE652223E37022008B4835 /* Assets.xcassets */ = {isa = PBXFileReference; lastKnownFileType = folder.assetcatalog; path = Assets.xcassets; sourceTree = "<group>"; };
		3EFE652523E37022008B4835 /* Base */ = {isa = PBXFileReference; lastKnownFileType = file.storyboard; name = Base; path = Base.lproj/LaunchScreen.storyboard; sourceTree = "<group>"; };
		3EFE652723E37022008B4835 /* Info.plist */ = {isa = PBXFileReference; lastKnownFileType = text.plist.xml; path = Info.plist; sourceTree = "<group>"; };
/* End PBXFileReference section */

/* Begin PBXFrameworksBuildPhase section */
		3EFE651323E3701F008B4835 /* Frameworks */ = {
			isa = PBXFrameworksBuildPhase;
			buildActionMask = 2147483647;
			files = (
			);
			runOnlyForDeploymentPostprocessing = 0;
		};
/* End PBXFrameworksBuildPhase section */

/* Begin PBXGroup section */
		3EC91E7023E4C95E000CC053 /* Controller */ = {
			isa = PBXGroup;
			children = (
				3EFE651D23E3701F008B4835 /* ViewController.swift */,
				3EB83EDE23E6FF7800E25016 /* TextFieldValidation.swift */,
			);
			path = Controller;
			sourceTree = "<group>";
		};
		3EC91E7123E4C96B000CC053 /* SupportFile */ = {
			isa = PBXGroup;
			children = (
				3EFE651923E3701F008B4835 /* AppDelegate.swift */,
				3EFE651B23E3701F008B4835 /* SceneDelegate.swift */,
				3EFE652223E37022008B4835 /* Assets.xcassets */,
				3EFE652723E37022008B4835 /* Info.plist */,
			);
			path = SupportFile;
			sourceTree = "<group>";
		};
		3EC91E7223E4C983000CC053 /* View */ = {
			isa = PBXGroup;
			children = (
				3EFE651F23E3701F008B4835 /* Main.storyboard */,
				3EFE652423E37022008B4835 /* LaunchScreen.storyboard */,
			);
			path = View;
			sourceTree = "<group>";
		};
		3EC91E8123E5A1A4000CC053 /* Extension */ = {
			isa = PBXGroup;
			children = (
				3EC91E8223E5A210000CC053 /* UIView+Keyboard.swift */,
				3EC91E8623E5E4FA000CC053 /* UIViewController+ConfigView.swift */,
			);
			path = Extension;
			sourceTree = "<group>";
		};
		3EFE650D23E3701F008B4835 = {
			isa = PBXGroup;
			children = (
				3EFE651823E3701F008B4835 /* Lesson2 */,
				3EFE651723E3701F008B4835 /* Products */,
			);
			sourceTree = "<group>";
		};
		3EFE651723E3701F008B4835 /* Products */ = {
			isa = PBXGroup;
			children = (
				3EFE651623E3701F008B4835 /* ColorView.app */,
			);
			name = Products;
			sourceTree = "<group>";
		};
		3EFE651823E3701F008B4835 /* Lesson2 */ = {
			isa = PBXGroup;
			children = (
				3EC91E8123E5A1A4000CC053 /* Extension */,
				3EC91E7223E4C983000CC053 /* View */,
				3EC91E7023E4C95E000CC053 /* Controller */,
				3EC91E7123E4C96B000CC053 /* SupportFile */,
			);
			path = Lesson2;
			sourceTree = "<group>";
		};
/* End PBXGroup section */

/* Begin PBXNativeTarget section */
		3EFE651523E3701F008B4835 /* ColorView */ = {
			isa = PBXNativeTarget;
			buildConfigurationList = 3EFE652A23E37022008B4835 /* Build configuration list for PBXNativeTarget "ColorView" */;
			buildPhases = (
				3EFE651223E3701F008B4835 /* Sources */,
				3EFE651323E3701F008B4835 /* Frameworks */,
				3EFE651423E3701F008B4835 /* Resources */,
			);
			buildRules = (
			);
			dependencies = (
			);
			name = ColorView;
			productName = Lesson2;
			productReference = 3EFE651623E3701F008B4835 /* ColorView.app */;
			productType = "com.apple.product-type.application";
		};
/* End PBXNativeTarget section */

/* Begin PBXProject section */
		3EFE650E23E3701F008B4835 /* Project object */ = {
			isa = PBXProject;
			attributes = {
				LastSwiftUpdateCheck = 1130;
				LastUpgradeCheck = 1130;
				ORGANIZATIONNAME = "yauheni prakapenka";
				TargetAttributes = {
					3EFE651523E3701F008B4835 = {
						CreatedOnToolsVersion = 11.3.1;
					};
				};
			};
			buildConfigurationList = 3EFE651123E3701F008B4835 /* Build configuration list for PBXProject "ColorView" */;
			compatibilityVersion = "Xcode 9.3";
			developmentRegion = en;
			hasScannedForEncodings = 0;
			knownRegions = (
				en,
				Base,
			);
			mainGroup = 3EFE650D23E3701F008B4835;
			productRefGroup = 3EFE651723E3701F008B4835 /* Products */;
			projectDirPath = "";
			projectRoot = "";
			targets = (
				3EFE651523E3701F008B4835 /* ColorView */,
			);
		};
/* End PBXProject section */

/* Begin PBXResourcesBuildPhase section */
		3EFE651423E3701F008B4835 /* Resources */ = {
			isa = PBXResourcesBuildPhase;
			buildActionMask = 2147483647;
			files = (
				3EFE652623E37022008B4835 /* LaunchScreen.storyboard in Resources */,
				3EFE652323E37022008B4835 /* Assets.xcassets in Resources */,
				3EFE652123E3701F008B4835 /* Main.storyboard in Resources */,
			);
			runOnlyForDeploymentPostprocessing = 0;
		};
/* End PBXResourcesBuildPhase section */

/* Begin PBXSourcesBuildPhase section */
		3EFE651223E3701F008B4835 /* Sources */ = {
			isa = PBXSourcesBuildPhase;
			buildActionMask = 2147483647;
			files = (
				3EFE651E23E3701F008B4835 /* ViewController.swift in Sources */,
				3EFE651A23E3701F008B4835 /* AppDelegate.swift in Sources */,
				3EFE651C23E3701F008B4835 /* SceneDelegate.swift in Sources */,
				3EC91E8723E5E4FA000CC053 /* UIViewController+ConfigView.swift in Sources */,
				3EB83EDF23E6FF7800E25016 /* TextFieldValidation.swift in Sources */,
				3EC91E8323E5A210000CC053 /* UIView+Keyboard.swift in Sources */,
			);
			runOnlyForDeploymentPostprocessing = 0;
		};
/* End PBXSourcesBuildPhase section */

/* Begin PBXVariantGroup section */
		3EFE651F23E3701F008B4835 /* Main.storyboard */ = {
			isa = PBXVariantGroup;
			children = (
				3EFE652023E3701F008B4835 /* Base */,
			);
			name = Main.storyboard;
			sourceTree = "<group>";
		};
		3EFE652423E37022008B4835 /* LaunchScreen.storyboard */ = {
			isa = PBXVariantGroup;
			children = (
				3EFE652523E37022008B4835 /* Base */,
			);
			name = LaunchScreen.storyboard;
			sourceTree = "<group>";
		};
/* End PBXVariantGroup section */

/* Begin XCBuildConfiguration section */
		3EFE652823E37022008B4835 /* Debug */ = {
			isa = XCBuildConfiguration;
			buildSettings = {
				ALWAYS_SEARCH_USER_PATHS = NO;
				CLANG_ANALYZER_NONNULL = YES;
				CLANG_ANALYZER_NUMBER_OBJECT_CONVERSION = YES_AGGRESSIVE;
				CLANG_CXX_LANGUAGE_STANDARD = "gnu++14";
				CLANG_CXX_LIBRARY = "libc++";
				CLANG_ENABLE_MODULES = YES;
				CLANG_ENABLE_OBJC_ARC = YES;
				CLANG_ENABLE_OBJC_WEAK = YES;
				CLANG_WARN_BLOCK_CAPTURE_AUTORELEASING = YES;
				CLANG_WARN_BOOL_CONVERSION = YES;
				CLANG_WARN_COMMA = YES;
				CLANG_WARN_CONSTANT_CONVERSION = YES;
				CLANG_WARN_DEPRECATED_OBJC_IMPLEMENTATIONS = YES;
				CLANG_WARN_DIRECT_OBJC_ISA_USAGE = YES_ERROR;
				CLANG_WARN_DOCUMENTATION_COMMENTS = YES;
				CLANG_WARN_EMPTY_BODY = YES;
				CLANG_WARN_ENUM_CONVERSION = YES;
				CLANG_WARN_INFINITE_RECURSION = YES;
				CLANG_WARN_INT_CONVERSION = YES;
				CLANG_WARN_NON_LITERAL_NULL_CONVERSION = YES;
				CLANG_WARN_OBJC_IMPLICIT_RETAIN_SELF = YES;
				CLANG_WARN_OBJC_LITERAL_CONVERSION = YES;
				CLANG_WARN_OBJC_ROOT_CLASS = YES_ERROR;
				CLANG_WARN_RANGE_LOOP_ANALYSIS = YES;
				CLANG_WARN_STRICT_PROTOTYPES = YES;
				CLANG_WARN_SUSPICIOUS_MOVE = YES;
				CLANG_WARN_UNGUARDED_AVAILABILITY = YES_AGGRESSIVE;
				CLANG_WARN_UNREACHABLE_CODE = YES;
				CLANG_WARN__DUPLICATE_METHOD_MATCH = YES;
				COPY_PHASE_STRIP = NO;
				DEBUG_INFORMATION_FORMAT = dwarf;
				ENABLE_STRICT_OBJC_MSGSEND = YES;
				ENABLE_TESTABILITY = YES;
				GCC_C_LANGUAGE_STANDARD = gnu11;
				GCC_DYNAMIC_NO_PIC = NO;
				GCC_NO_COMMON_BLOCKS = YES;
				GCC_OPTIMIZATION_LEVEL = 0;
				GCC_PREPROCESSOR_DEFINITIONS = (
					"DEBUG=1",
					"$(inherited)",
				);
				GCC_WARN_64_TO_32_BIT_CONVERSION = YES;
				GCC_WARN_ABOUT_RETURN_TYPE = YES_ERROR;
				GCC_WARN_UNDECLARED_SELECTOR = YES;
				GCC_WARN_UNINITIALIZED_AUTOS = YES_AGGRESSIVE;
				GCC_WARN_UNUSED_FUNCTION = YES;
				GCC_WARN_UNUSED_VARIABLE = YES;
				IPHONEOS_DEPLOYMENT_TARGET = 13.2;
				MTL_ENABLE_DEBUG_INFO = INCLUDE_SOURCE;
				MTL_FAST_MATH = YES;
				ONLY_ACTIVE_ARCH = YES;
				SDKROOT = iphoneos;
				SWIFT_ACTIVE_COMPILATION_CONDITIONS = DEBUG;
				SWIFT_OPTIMIZATION_LEVEL = "-Onone";
			};
			name = Debug;
		};
		3EFE652923E37022008B4835 /* Release */ = {
			isa = XCBuildConfiguration;
			buildSettings = {
				ALWAYS_SEARCH_USER_PATHS = NO;
				CLANG_ANALYZER_NONNULL = YES;
				CLANG_ANALYZER_NUMBER_OBJECT_CONVERSION = YES_AGGRESSIVE;
				CLANG_CXX_LANGUAGE_STANDARD = "gnu++14";
				CLANG_CXX_LIBRARY = "libc++";
				CLANG_ENABLE_MODULES = YES;
				CLANG_ENABLE_OBJC_ARC = YES;
				CLANG_ENABLE_OBJC_WEAK = YES;
				CLANG_WARN_BLOCK_CAPTURE_AUTORELEASING = YES;
				CLANG_WARN_BOOL_CONVERSION = YES;
				CLANG_WARN_COMMA = YES;
				CLANG_WARN_CONSTANT_CONVERSION = YES;
				CLANG_WARN_DEPRECATED_OBJC_IMPLEMENTATIONS = YES;
				CLANG_WARN_DIRECT_OBJC_ISA_USAGE = YES_ERROR;
				CLANG_WARN_DOCUMENTATION_COMMENTS = YES;
				CLANG_WARN_EMPTY_BODY = YES;
				CLANG_WARN_ENUM_CONVERSION = YES;
				CLANG_WARN_INFINITE_RECURSION = YES;
				CLANG_WARN_INT_CONVERSION = YES;
				CLANG_WARN_NON_LITERAL_NULL_CONVERSION = YES;
				CLANG_WARN_OBJC_IMPLICIT_RETAIN_SELF = YES;
				CLANG_WARN_OBJC_LITERAL_CONVERSION = YES;
				CLANG_WARN_OBJC_ROOT_CLASS = YES_ERROR;
				CLANG_WARN_RANGE_LOOP_ANALYSIS = YES;
				CLANG_WARN_STRICT_PROTOTYPES = YES;
				CLANG_WARN_SUSPICIOUS_MOVE = YES;
				CLANG_WARN_UNGUARDED_AVAILABILITY = YES_AGGRESSIVE;
				CLANG_WARN_UNREACHABLE_CODE = YES;
				CLANG_WARN__DUPLICATE_METHOD_MATCH = YES;
				COPY_PHASE_STRIP = NO;
				DEBUG_INFORMATION_FORMAT = "dwarf-with-dsym";
				ENABLE_NS_ASSERTIONS = NO;
				ENABLE_STRICT_OBJC_MSGSEND = YES;
				GCC_C_LANGUAGE_STANDARD = gnu11;
				GCC_NO_COMMON_BLOCKS = YES;
				GCC_WARN_64_TO_32_BIT_CONVERSION = YES;
				GCC_WARN_ABOUT_RETURN_TYPE = YES_ERROR;
				GCC_WARN_UNDECLARED_SELECTOR = YES;
				GCC_WARN_UNINITIALIZED_AUTOS = YES_AGGRESSIVE;
				GCC_WARN_UNUSED_FUNCTION = YES;
				GCC_WARN_UNUSED_VARIABLE = YES;
				IPHONEOS_DEPLOYMENT_TARGET = 13.2;
				MTL_ENABLE_DEBUG_INFO = NO;
				MTL_FAST_MATH = YES;
				SDKROOT = iphoneos;
				SWIFT_COMPILATION_MODE = wholemodule;
				SWIFT_OPTIMIZATION_LEVEL = "-O";
				VALIDATE_PRODUCT = YES;
			};
			name = Release;
		};
		3EFE652B23E37022008B4835 /* Debug */ = {
			isa = XCBuildConfiguration;
			buildSettings = {
				ASSETCATALOG_COMPILER_APPICON_NAME = AppIcon;
				CODE_SIGN_STYLE = Automatic;
				DEVELOPMENT_TEAM = 2H6CKN6S5G;
				INFOPLIST_FILE = Lesson2/SupportFile/Info.plist;
				LD_RUNPATH_SEARCH_PATHS = (
					"$(inherited)",
					"@executable_path/Frameworks",
				);
				PRODUCT_BUNDLE_IDENTIFIER = com.yauheniprakapenka.Lesson2;
				PRODUCT_NAME = ColorView;
				SWIFT_VERSION = 5.0;
				TARGETED_DEVICE_FAMILY = "1,2";
			};
			name = Debug;
		};
		3EFE652C23E37022008B4835 /* Release */ = {
			isa = XCBuildConfiguration;
			buildSettings = {
				ASSETCATALOG_COMPILER_APPICON_NAME = AppIcon;
				CODE_SIGN_STYLE = Automatic;
				DEVELOPMENT_TEAM = 2H6CKN6S5G;
				INFOPLIST_FILE = Lesson2/SupportFile/Info.plist;
				LD_RUNPATH_SEARCH_PATHS = (
					"$(inherited)",
					"@executable_path/Frameworks",
				);
				PRODUCT_BUNDLE_IDENTIFIER = com.yauheniprakapenka.Lesson2;
				PRODUCT_NAME = ColorView;
				SWIFT_VERSION = 5.0;
				TARGETED_DEVICE_FAMILY = "1,2";
			};
			name = Release;
		};
/* End XCBuildConfiguration section */

/* Begin XCConfigurationList section */
		3EFE651123E3701F008B4835 /* Build configuration list for PBXProject "ColorView" */ = {
			isa = XCConfigurationList;
			buildConfigurations = (
				3EFE652823E37022008B4835 /* Debug */,
				3EFE652923E37022008B4835 /* Release */,
			);
			defaultConfigurationIsVisible = 0;
			defaultConfigurationName = Release;
		};
		3EFE652A23E37022008B4835 /* Build configuration list for PBXNativeTarget "ColorView" */ = {
			isa = XCConfigurationList;
			buildConfigurations = (
				3EFE652B23E37022008B4835 /* Debug */,
				3EFE652C23E37022008B4835 /* Release */,
			);
			defaultConfigurationIsVisible = 0;
			defaultConfigurationName = Release;
		};
/* End XCConfigurationList section */
	};
	rootObject = 3EFE650E23E3701F008B4835 /* Project object */;
}
