// !$*UTF8*$!
{
	archiveVersion = 1;
	classes = {
	};
	objectVersion = 51;
	objects = {

/* Begin PBXBuildFile section */
		257D4AF69402496D11C8C677 /* Pods_NewProject.framework in Frameworks */ = {isa = PBXBuildFile; fileRef = B2E4740826BCDAC11555A583 /* Pods_NewProject.framework */; };
		3E5245DD2406D1D000445C8E /* DataManager.swift in Sources */ = {isa = PBXBuildFile; fileRef = 3E5245DC2406D1CF00445C8E /* DataManager.swift */; };
		3E5245E42406F2B000445C8E /* AnimationProperty.swift in Sources */ = {isa = PBXBuildFile; fileRef = 3E5245E32406F2B000445C8E /* AnimationProperty.swift */; };
		3EAF0D402400325C004833E7 /* AppDelegate.swift in Sources */ = {isa = PBXBuildFile; fileRef = 3EAF0D3F2400325C004833E7 /* AppDelegate.swift */; };
		3EAF0D422400325C004833E7 /* SceneDelegate.swift in Sources */ = {isa = PBXBuildFile; fileRef = 3EAF0D412400325C004833E7 /* SceneDelegate.swift */; };
		3EAF0D442400325C004833E7 /* MainViewController.swift in Sources */ = {isa = PBXBuildFile; fileRef = 3EAF0D432400325C004833E7 /* MainViewController.swift */; };
		3EAF0D472400325C004833E7 /* Main.storyboard in Resources */ = {isa = PBXBuildFile; fileRef = 3EAF0D452400325C004833E7 /* Main.storyboard */; };
		3EAF0D492400325E004833E7 /* Assets.xcassets in Resources */ = {isa = PBXBuildFile; fileRef = 3EAF0D482400325E004833E7 /* Assets.xcassets */; };
		3EAF0D4C2400325E004833E7 /* LaunchScreen.storyboard in Resources */ = {isa = PBXBuildFile; fileRef = 3EAF0D4A2400325E004833E7 /* LaunchScreen.storyboard */; };
/* End PBXBuildFile section */

/* Begin PBXFileReference section */
		3E5245DC2406D1CF00445C8E /* DataManager.swift */ = {isa = PBXFileReference; lastKnownFileType = sourcecode.swift; path = DataManager.swift; sourceTree = "<group>"; };
		3E5245E32406F2B000445C8E /* AnimationProperty.swift */ = {isa = PBXFileReference; lastKnownFileType = sourcecode.swift; path = AnimationProperty.swift; sourceTree = "<group>"; };
		3EAF0D3C2400325C004833E7 /* NewProject.app */ = {isa = PBXFileReference; explicitFileType = wrapper.application; includeInIndex = 0; path = NewProject.app; sourceTree = BUILT_PRODUCTS_DIR; };
		3EAF0D3F2400325C004833E7 /* AppDelegate.swift */ = {isa = PBXFileReference; lastKnownFileType = sourcecode.swift; path = AppDelegate.swift; sourceTree = "<group>"; };
		3EAF0D412400325C004833E7 /* SceneDelegate.swift */ = {isa = PBXFileReference; lastKnownFileType = sourcecode.swift; path = SceneDelegate.swift; sourceTree = "<group>"; };
		3EAF0D432400325C004833E7 /* MainViewController.swift */ = {isa = PBXFileReference; lastKnownFileType = sourcecode.swift; path = MainViewController.swift; sourceTree = "<group>"; };
		3EAF0D462400325C004833E7 /* Base */ = {isa = PBXFileReference; lastKnownFileType = file.storyboard; name = Base; path = Base.lproj/Main.storyboard; sourceTree = "<group>"; };
		3EAF0D482400325E004833E7 /* Assets.xcassets */ = {isa = PBXFileReference; lastKnownFileType = folder.assetcatalog; path = Assets.xcassets; sourceTree = "<group>"; };
		3EAF0D4B2400325E004833E7 /* Base */ = {isa = PBXFileReference; lastKnownFileType = file.storyboard; name = Base; path = Base.lproj/LaunchScreen.storyboard; sourceTree = "<group>"; };
		3EAF0D4D2400325E004833E7 /* Info.plist */ = {isa = PBXFileReference; lastKnownFileType = text.plist.xml; path = Info.plist; sourceTree = "<group>"; };
		B2E4740826BCDAC11555A583 /* Pods_NewProject.framework */ = {isa = PBXFileReference; explicitFileType = wrapper.framework; includeInIndex = 0; path = Pods_NewProject.framework; sourceTree = BUILT_PRODUCTS_DIR; };
		DAD89E409EE1D98342BFA5C8 /* Pods-NewProject.debug.xcconfig */ = {isa = PBXFileReference; includeInIndex = 1; lastKnownFileType = text.xcconfig; name = "Pods-NewProject.debug.xcconfig"; path = "Target Support Files/Pods-NewProject/Pods-NewProject.debug.xcconfig"; sourceTree = "<group>"; };
		F00B09231F858CA0BEE5A1FD /* Pods-NewProject.release.xcconfig */ = {isa = PBXFileReference; includeInIndex = 1; lastKnownFileType = text.xcconfig; name = "Pods-NewProject.release.xcconfig"; path = "Target Support Files/Pods-NewProject/Pods-NewProject.release.xcconfig"; sourceTree = "<group>"; };
/* End PBXFileReference section */

/* Begin PBXFrameworksBuildPhase section */
		3EAF0D392400325C004833E7 /* Frameworks */ = {
			isa = PBXFrameworksBuildPhase;
			buildActionMask = 2147483647;
			files = (
				257D4AF69402496D11C8C677 /* Pods_NewProject.framework in Frameworks */,
			);
			runOnlyForDeploymentPostprocessing = 0;
		};
/* End PBXFrameworksBuildPhase section */

/* Begin PBXGroup section */
		3E5245DE2406F23100445C8E /* Supporting Files */ = {
			isa = PBXGroup;
			children = (
				3EAF0D3F2400325C004833E7 /* AppDelegate.swift */,
				3EAF0D412400325C004833E7 /* SceneDelegate.swift */,
				3EAF0D4D2400325E004833E7 /* Info.plist */,
			);
			path = "Supporting Files";
			sourceTree = "<group>";
		};
		3E5245DF2406F24900445C8E /* Controllers */ = {
			isa = PBXGroup;
			children = (
				3EAF0D432400325C004833E7 /* MainViewController.swift */,
			);
			path = Controllers;
			sourceTree = "<group>";
		};
		3E5245E02406F25B00445C8E /* Storyboards */ = {
			isa = PBXGroup;
			children = (
				3EAF0D452400325C004833E7 /* Main.storyboard */,
				3EAF0D4A2400325E004833E7 /* LaunchScreen.storyboard */,
			);
			path = Storyboards;
			sourceTree = "<group>";
		};
		3E5245E12406F27400445C8E /* Models */ = {
			isa = PBXGroup;
			children = (
				3E5245DC2406D1CF00445C8E /* DataManager.swift */,
				3E5245E32406F2B000445C8E /* AnimationProperty.swift */,
			);
			path = Models;
			sourceTree = "<group>";
		};
		3E5245E22406F28400445C8E /* Resources */ = {
			isa = PBXGroup;
			children = (
				3EAF0D482400325E004833E7 /* Assets.xcassets */,
			);
			path = Resources;
			sourceTree = "<group>";
		};
		3EAF0D332400325C004833E7 = {
			isa = PBXGroup;
			children = (
				3EAF0D3E2400325C004833E7 /* NewProject */,
				3EAF0D3D2400325C004833E7 /* Products */,
				CC21380864E599C61F7741EE /* Pods */,
				6A0B545368A2D498BC322679 /* Frameworks */,
			);
			sourceTree = "<group>";
		};
		3EAF0D3D2400325C004833E7 /* Products */ = {
			isa = PBXGroup;
			children = (
				3EAF0D3C2400325C004833E7 /* NewProject.app */,
			);
			name = Products;
			sourceTree = "<group>";
		};
		3EAF0D3E2400325C004833E7 /* NewProject */ = {
			isa = PBXGroup;
			children = (
				3E5245E12406F27400445C8E /* Models */,
				3E5245DF2406F24900445C8E /* Controllers */,
				3E5245E02406F25B00445C8E /* Storyboards */,
				3E5245DE2406F23100445C8E /* Supporting Files */,
				3E5245E22406F28400445C8E /* Resources */,
			);
			path = NewProject;
			sourceTree = "<group>";
		};
		6A0B545368A2D498BC322679 /* Frameworks */ = {
			isa = PBXGroup;
			children = (
				B2E4740826BCDAC11555A583 /* Pods_NewProject.framework */,
			);
			name = Frameworks;
			sourceTree = "<group>";
		};
		CC21380864E599C61F7741EE /* Pods */ = {
			isa = PBXGroup;
			children = (
				DAD89E409EE1D98342BFA5C8 /* Pods-NewProject.debug.xcconfig */,
				F00B09231F858CA0BEE5A1FD /* Pods-NewProject.release.xcconfig */,
			);
			path = Pods;
			sourceTree = "<group>";
		};
/* End PBXGroup section */

/* Begin PBXNativeTarget section */
		3EAF0D3B2400325C004833E7 /* NewProject */ = {
			isa = PBXNativeTarget;
			buildConfigurationList = 3EAF0D502400325E004833E7 /* Build configuration list for PBXNativeTarget "NewProject" */;
			buildPhases = (
				B9DC0A6B64E46A0C13EF6925 /* [CP] Check Pods Manifest.lock */,
				3EAF0D382400325C004833E7 /* Sources */,
				3EAF0D392400325C004833E7 /* Frameworks */,
				3EAF0D3A2400325C004833E7 /* Resources */,
				7BFFA3344C4F5037354C2B16 /* [CP] Embed Pods Frameworks */,
			);
			buildRules = (
			);
			dependencies = (
			);
			name = NewProject;
			productName = NewProject;
			productReference = 3EAF0D3C2400325C004833E7 /* NewProject.app */;
			productType = "com.apple.product-type.application";
		};
/* End PBXNativeTarget section */

/* Begin PBXProject section */
		3EAF0D342400325C004833E7 /* Project object */ = {
			isa = PBXProject;
			attributes = {
				LastSwiftUpdateCheck = 1130;
				LastUpgradeCheck = 1130;
				ORGANIZATIONNAME = "yauheni prakapenka";
				TargetAttributes = {
					3EAF0D3B2400325C004833E7 = {
						CreatedOnToolsVersion = 11.3.1;
					};
				};
			};
			buildConfigurationList = 3EAF0D372400325C004833E7 /* Build configuration list for PBXProject "NewProject" */;
			compatibilityVersion = "Xcode 9.3";
			developmentRegion = en;
			hasScannedForEncodings = 0;
			knownRegions = (
				en,
				Base,
			);
			mainGroup = 3EAF0D332400325C004833E7;
			productRefGroup = 3EAF0D3D2400325C004833E7 /* Products */;
			projectDirPath = "";
			projectRoot = "";
			targets = (
				3EAF0D3B2400325C004833E7 /* NewProject */,
			);
		};
/* End PBXProject section */

/* Begin PBXResourcesBuildPhase section */
		3EAF0D3A2400325C004833E7 /* Resources */ = {
			isa = PBXResourcesBuildPhase;
			buildActionMask = 2147483647;
			files = (
				3EAF0D4C2400325E004833E7 /* LaunchScreen.storyboard in Resources */,
				3EAF0D492400325E004833E7 /* Assets.xcassets in Resources */,
				3EAF0D472400325C004833E7 /* Main.storyboard in Resources */,
			);
			runOnlyForDeploymentPostprocessing = 0;
		};
/* End PBXResourcesBuildPhase section */

/* Begin PBXShellScriptBuildPhase section */
		7BFFA3344C4F5037354C2B16 /* [CP] Embed Pods Frameworks */ = {
			isa = PBXShellScriptBuildPhase;
			buildActionMask = 2147483647;
			files = (
			);
			inputFileListPaths = (
				"${PODS_ROOT}/Target Support Files/Pods-NewProject/Pods-NewProject-frameworks-${CONFIGURATION}-input-files.xcfilelist",
			);
			name = "[CP] Embed Pods Frameworks";
			outputFileListPaths = (
				"${PODS_ROOT}/Target Support Files/Pods-NewProject/Pods-NewProject-frameworks-${CONFIGURATION}-output-files.xcfilelist",
			);
			runOnlyForDeploymentPostprocessing = 0;
			shellPath = /bin/sh;
			shellScript = "\"${PODS_ROOT}/Target Support Files/Pods-NewProject/Pods-NewProject-frameworks.sh\"\n";
			showEnvVarsInLog = 0;
		};
		B9DC0A6B64E46A0C13EF6925 /* [CP] Check Pods Manifest.lock */ = {
			isa = PBXShellScriptBuildPhase;
			buildActionMask = 2147483647;
			files = (
			);
			inputFileListPaths = (
			);
			inputPaths = (
				"${PODS_PODFILE_DIR_PATH}/Podfile.lock",
				"${PODS_ROOT}/Manifest.lock",
			);
			name = "[CP] Check Pods Manifest.lock";
			outputFileListPaths = (
			);
			outputPaths = (
				"$(DERIVED_FILE_DIR)/Pods-NewProject-checkManifestLockResult.txt",
			);
			runOnlyForDeploymentPostprocessing = 0;
			shellPath = /bin/sh;
			shellScript = "diff \"${PODS_PODFILE_DIR_PATH}/Podfile.lock\" \"${PODS_ROOT}/Manifest.lock\" > /dev/null\nif [ $? != 0 ] ; then\n    # print error to STDERR\n    echo \"error: The sandbox is not in sync with the Podfile.lock. Run 'pod install' or update your CocoaPods installation.\" >&2\n    exit 1\nfi\n# This output is used by Xcode 'outputs' to avoid re-running this script phase.\necho \"SUCCESS\" > \"${SCRIPT_OUTPUT_FILE_0}\"\n";
			showEnvVarsInLog = 0;
		};
/* End PBXShellScriptBuildPhase section */

/* Begin PBXSourcesBuildPhase section */
		3EAF0D382400325C004833E7 /* Sources */ = {
			isa = PBXSourcesBuildPhase;
			buildActionMask = 2147483647;
			files = (
				3EAF0D442400325C004833E7 /* MainViewController.swift in Sources */,
				3E5245E42406F2B000445C8E /* AnimationProperty.swift in Sources */,
				3E5245DD2406D1D000445C8E /* DataManager.swift in Sources */,
				3EAF0D402400325C004833E7 /* AppDelegate.swift in Sources */,
				3EAF0D422400325C004833E7 /* SceneDelegate.swift in Sources */,
			);
			runOnlyForDeploymentPostprocessing = 0;
		};
/* End PBXSourcesBuildPhase section */

/* Begin PBXVariantGroup section */
		3EAF0D452400325C004833E7 /* Main.storyboard */ = {
			isa = PBXVariantGroup;
			children = (
				3EAF0D462400325C004833E7 /* Base */,
			);
			name = Main.storyboard;
			sourceTree = "<group>";
		};
		3EAF0D4A2400325E004833E7 /* LaunchScreen.storyboard */ = {
			isa = PBXVariantGroup;
			children = (
				3EAF0D4B2400325E004833E7 /* Base */,
			);
			name = LaunchScreen.storyboard;
			sourceTree = "<group>";
		};
/* End PBXVariantGroup section */

/* Begin XCBuildConfiguration section */
		3EAF0D4E2400325E004833E7 /* Debug */ = {
			isa = XCBuildConfiguration;
			buildSettings = {
				ALWAYS_SEARCH_USER_PATHS = NO;
				CLANG_ANALYZER_NONNULL = YES;
				CLANG_ANALYZER_NUMBER_OBJECT_CONVERSION = YES_AGGRESSIVE;
				CLANG_CXX_LANGUAGE_STANDARD = "gnu++14";
				CLANG_CXX_LIBRARY = "libc++";
				CLANG_ENABLE_MODULES = YES;
				CLANG_ENABLE_OBJC_ARC = YES;
				CLANG_ENABLE_OBJC_WEAK = YES;
				CLANG_WARN_BLOCK_CAPTURE_AUTORELEASING = YES;
				CLANG_WARN_BOOL_CONVERSION = YES;
				CLANG_WARN_COMMA = YES;
				CLANG_WARN_CONSTANT_CONVERSION = YES;
				CLANG_WARN_DEPRECATED_OBJC_IMPLEMENTATIONS = YES;
				CLANG_WARN_DIRECT_OBJC_ISA_USAGE = YES_ERROR;
				CLANG_WARN_DOCUMENTATION_COMMENTS = YES;
				CLANG_WARN_EMPTY_BODY = YES;
				CLANG_WARN_ENUM_CONVERSION = YES;
				CLANG_WARN_INFINITE_RECURSION = YES;
				CLANG_WARN_INT_CONVERSION = YES;
				CLANG_WARN_NON_LITERAL_NULL_CONVERSION = YES;
				CLANG_WARN_OBJC_IMPLICIT_RETAIN_SELF = YES;
				CLANG_WARN_OBJC_LITERAL_CONVERSION = YES;
				CLANG_WARN_OBJC_ROOT_CLASS = YES_ERROR;
				CLANG_WARN_RANGE_LOOP_ANALYSIS = YES;
				CLANG_WARN_STRICT_PROTOTYPES = YES;
				CLANG_WARN_SUSPICIOUS_MOVE = YES;
				CLANG_WARN_UNGUARDED_AVAILABILITY = YES_AGGRESSIVE;
				CLANG_WARN_UNREACHABLE_CODE = YES;
				CLANG_WARN__DUPLICATE_METHOD_MATCH = YES;
				COPY_PHASE_STRIP = NO;
				DEBUG_INFORMATION_FORMAT = dwarf;
				ENABLE_STRICT_OBJC_MSGSEND = YES;
				ENABLE_TESTABILITY = YES;
				GCC_C_LANGUAGE_STANDARD = gnu11;
				GCC_DYNAMIC_NO_PIC = NO;
				GCC_NO_COMMON_BLOCKS = YES;
				GCC_OPTIMIZATION_LEVEL = 0;
				GCC_PREPROCESSOR_DEFINITIONS = (
					"DEBUG=1",
					"$(inherited)",
				);
				GCC_WARN_64_TO_32_BIT_CONVERSION = YES;
				GCC_WARN_ABOUT_RETURN_TYPE = YES_ERROR;
				GCC_WARN_UNDECLARED_SELECTOR = YES;
				GCC_WARN_UNINITIALIZED_AUTOS = YES_AGGRESSIVE;
				GCC_WARN_UNUSED_FUNCTION = YES;
				GCC_WARN_UNUSED_VARIABLE = YES;
				IPHONEOS_DEPLOYMENT_TARGET = 13.2;
				MTL_ENABLE_DEBUG_INFO = INCLUDE_SOURCE;
				MTL_FAST_MATH = YES;
				ONLY_ACTIVE_ARCH = YES;
				SDKROOT = iphoneos;
				SWIFT_ACTIVE_COMPILATION_CONDITIONS = DEBUG;
				SWIFT_OPTIMIZATION_LEVEL = "-Onone";
			};
			name = Debug;
		};
		3EAF0D4F2400325E004833E7 /* Release */ = {
			isa = XCBuildConfiguration;
			buildSettings = {
				ALWAYS_SEARCH_USER_PATHS = NO;
				CLANG_ANALYZER_NONNULL = YES;
				CLANG_ANALYZER_NUMBER_OBJECT_CONVERSION = YES_AGGRESSIVE;
				CLANG_CXX_LANGUAGE_STANDARD = "gnu++14";
				CLANG_CXX_LIBRARY = "libc++";
				CLANG_ENABLE_MODULES = YES;
				CLANG_ENABLE_OBJC_ARC = YES;
				CLANG_ENABLE_OBJC_WEAK = YES;
				CLANG_WARN_BLOCK_CAPTURE_AUTORELEASING = YES;
				CLANG_WARN_BOOL_CONVERSION = YES;
				CLANG_WARN_COMMA = YES;
				CLANG_WARN_CONSTANT_CONVERSION = YES;
				CLANG_WARN_DEPRECATED_OBJC_IMPLEMENTATIONS = YES;
				CLANG_WARN_DIRECT_OBJC_ISA_USAGE = YES_ERROR;
				CLANG_WARN_DOCUMENTATION_COMMENTS = YES;
				CLANG_WARN_EMPTY_BODY = YES;
				CLANG_WARN_ENUM_CONVERSION = YES;
				CLANG_WARN_INFINITE_RECURSION = YES;
				CLANG_WARN_INT_CONVERSION = YES;
				CLANG_WARN_NON_LITERAL_NULL_CONVERSION = YES;
				CLANG_WARN_OBJC_IMPLICIT_RETAIN_SELF = YES;
				CLANG_WARN_OBJC_LITERAL_CONVERSION = YES;
				CLANG_WARN_OBJC_ROOT_CLASS = YES_ERROR;
				CLANG_WARN_RANGE_LOOP_ANALYSIS = YES;
				CLANG_WARN_STRICT_PROTOTYPES = YES;
				CLANG_WARN_SUSPICIOUS_MOVE = YES;
				CLANG_WARN_UNGUARDED_AVAILABILITY = YES_AGGRESSIVE;
				CLANG_WARN_UNREACHABLE_CODE = YES;
				CLANG_WARN__DUPLICATE_METHOD_MATCH = YES;
				COPY_PHASE_STRIP = NO;
				DEBUG_INFORMATION_FORMAT = "dwarf-with-dsym";
				ENABLE_NS_ASSERTIONS = NO;
				ENABLE_STRICT_OBJC_MSGSEND = YES;
				GCC_C_LANGUAGE_STANDARD = gnu11;
				GCC_NO_COMMON_BLOCKS = YES;
				GCC_WARN_64_TO_32_BIT_CONVERSION = YES;
				GCC_WARN_ABOUT_RETURN_TYPE = YES_ERROR;
				GCC_WARN_UNDECLARED_SELECTOR = YES;
				GCC_WARN_UNINITIALIZED_AUTOS = YES_AGGRESSIVE;
				GCC_WARN_UNUSED_FUNCTION = YES;
				GCC_WARN_UNUSED_VARIABLE = YES;
				IPHONEOS_DEPLOYMENT_TARGET = 13.2;
				MTL_ENABLE_DEBUG_INFO = NO;
				MTL_FAST_MATH = YES;
				SDKROOT = iphoneos;
				SWIFT_COMPILATION_MODE = wholemodule;
				SWIFT_OPTIMIZATION_LEVEL = "-O";
				VALIDATE_PRODUCT = YES;
			};
			name = Release;
		};
		3EAF0D512400325E004833E7 /* Debug */ = {
			isa = XCBuildConfiguration;
			baseConfigurationReference = DAD89E409EE1D98342BFA5C8 /* Pods-NewProject.debug.xcconfig */;
			buildSettings = {
				ASSETCATALOG_COMPILER_APPICON_NAME = AppIcon;
				CODE_SIGN_STYLE = Automatic;
				DEVELOPMENT_TEAM = 2H6CKN6S5G;
				INFOPLIST_FILE = "NewProject/Supporting Files/Info.plist";
				LD_RUNPATH_SEARCH_PATHS = (
					"$(inherited)",
					"@executable_path/Frameworks",
				);
				PRODUCT_BUNDLE_IDENTIFIER = com.yauheniprakapenka.NewProject;
				PRODUCT_NAME = "$(TARGET_NAME)";
				SWIFT_VERSION = 5.0;
				TARGETED_DEVICE_FAMILY = "1,2";
			};
			name = Debug;
		};
		3EAF0D522400325E004833E7 /* Release */ = {
			isa = XCBuildConfiguration;
			baseConfigurationReference = F00B09231F858CA0BEE5A1FD /* Pods-NewProject.release.xcconfig */;
			buildSettings = {
				ASSETCATALOG_COMPILER_APPICON_NAME = AppIcon;
				CODE_SIGN_STYLE = Automatic;
				DEVELOPMENT_TEAM = 2H6CKN6S5G;
				INFOPLIST_FILE = "NewProject/Supporting Files/Info.plist";
				LD_RUNPATH_SEARCH_PATHS = (
					"$(inherited)",
					"@executable_path/Frameworks",
				);
				PRODUCT_BUNDLE_IDENTIFIER = com.yauheniprakapenka.NewProject;
				PRODUCT_NAME = "$(TARGET_NAME)";
				SWIFT_VERSION = 5.0;
				TARGETED_DEVICE_FAMILY = "1,2";
			};
			name = Release;
		};
/* End XCBuildConfiguration section */

/* Begin XCConfigurationList section */
		3EAF0D372400325C004833E7 /* Build configuration list for PBXProject "NewProject" */ = {
			isa = XCConfigurationList;
			buildConfigurations = (
				3EAF0D4E2400325E004833E7 /* Debug */,
				3EAF0D4F2400325E004833E7 /* Release */,
			);
			defaultConfigurationIsVisible = 0;
			defaultConfigurationName = Release;
		};
		3EAF0D502400325E004833E7 /* Build configuration list for PBXNativeTarget "NewProject" */ = {
			isa = XCConfigurationList;
			buildConfigurations = (
				3EAF0D512400325E004833E7 /* Debug */,
				3EAF0D522400325E004833E7 /* Release */,
			);
			defaultConfigurationIsVisible = 0;
			defaultConfigurationName = Release;
		};
/* End XCConfigurationList section */
	};
	rootObject = 3EAF0D342400325C004833E7 /* Project object */;
}
